<?xml version="1.0" encoding="utf-8"?>
<Project ToolsVersion="4.0" xmlns="http://schemas.microsoft.com/developer/msbuild/2003">
  <ItemGroup>
    <Filter Include="Source Files">
      <UniqueIdentifier>{4FC737F1-C7A5-4376-A066-2A32D752A2FF}</UniqueIdentifier>
      <Extensions>cpp;c;cc;cxx;c++;cppm;ixx;def;odl;idl;hpj;bat;asm;asmx</Extensions>
    </Filter>
    <Filter Include="Header Files">
      <UniqueIdentifier>{93995380-89BD-4b04-88EB-625FBE52EBFB}</UniqueIdentifier>
      <Extensions>h;hh;hpp;hxx;h++;hm;inl;inc;ipp;xsd</Extensions>
    </Filter>
    <Filter Include="Resource Files">
      <UniqueIdentifier>{67DA6AB6-F800-4c08-8B7A-83BB121AAD01}</UniqueIdentifier>
      <Extensions>rc;ico;cur;bmp;dlg;rc2;rct;bin;rgs;gif;jpg;jpeg;jpe;resx;tiff;tif;png;wav;mfcribbon-ms</Extensions>
    </Filter>
    <Filter Include="Header Files\audio">
      <UniqueIdentifier>{7041fae1-edee-4d28-9981-7cd910f345bc}</UniqueIdentifier>
    </Filter>
    <Filter Include="Header Files\camera">
      <UniqueIdentifier>{f7116477-b95a-4501-8b2d-7e50d944417f}</UniqueIdentifier>
    </Filter>
    <Filter Include="Header Files\font">
      <UniqueIdentifier>{8ad9b191-9db3-442a-ae85-67054bab2b89}</UniqueIdentifier>
    </Filter>
    <Filter Include="Header Files\image">
      <UniqueIdentifier>{bbf5221b-ed08-437e-92ea-411e393b9634}</UniqueIdentifier>
    </Filter>
    <Filter Include="Header Files\math">
      <UniqueIdentifier>{8f2c0569-8359-4245-9294-30cab325e8f5}</UniqueIdentifier>
    </Filter>
    <Filter Include="Header Files\model">
      <UniqueIdentifier>{21e189e1-6acc-4190-880e-707251c78eaa}</UniqueIdentifier>
    </Filter>
    <Filter Include="Header Files\particle">
      <UniqueIdentifier>{bc7f609a-43cc-4072-8a20-56714ff91678}</UniqueIdentifier>
    </Filter>
    <Filter Include="Header Files\physics">
      <UniqueIdentifier>{203e32ec-603d-4e48-a28e-a54be1e37eb7}</UniqueIdentifier>
    </Filter>
    <Filter Include="Header Files\system">
      <UniqueIdentifier>{56432f3b-cbc2-44dd-865a-6993494c23f1}</UniqueIdentifier>
    </Filter>
    <Filter Include="Header Files\threads">
      <UniqueIdentifier>{4640276d-e317-44a9-974b-cbf71be48121}</UniqueIdentifier>
    </Filter>
    <Filter Include="Header Files\utils">
      <UniqueIdentifier>{fc5a2534-3d5e-40fd-9f40-f0a54fd4122c}</UniqueIdentifier>
    </Filter>
    <Filter Include="Header Files\vr">
      <UniqueIdentifier>{4a023467-fd02-4976-88a4-3b8143b234ed}</UniqueIdentifier>
    </Filter>
    <Filter Include="Header Files\vulkan">
      <UniqueIdentifier>{463d74d1-6039-46b2-ab5c-fd3d91c7ffd4}</UniqueIdentifier>
    </Filter>
    <Filter Include="Source Files\audio">
      <UniqueIdentifier>{29c3d9c7-bd21-4743-8864-200e37b26243}</UniqueIdentifier>
    </Filter>
    <Filter Include="Source Files\camera">
      <UniqueIdentifier>{3c01f9d7-9736-4d80-919c-806b3cd2d04c}</UniqueIdentifier>
    </Filter>
    <Filter Include="Source Files\font">
      <UniqueIdentifier>{ecced096-95b5-474d-a7b1-cf38b63e72c5}</UniqueIdentifier>
    </Filter>
    <Filter Include="Source Files\image">
      <UniqueIdentifier>{ea00ea3e-e7d6-4ec7-a165-47fb476dc902}</UniqueIdentifier>
    </Filter>
    <Filter Include="Source Files\math">
      <UniqueIdentifier>{6e6159cd-7350-45eb-b1d0-16fceb8b2ec1}</UniqueIdentifier>
    </Filter>
    <Filter Include="Source Files\model">
      <UniqueIdentifier>{f67c8ecf-725a-475c-9597-588925881184}</UniqueIdentifier>
    </Filter>
    <Filter Include="Source Files\particle">
      <UniqueIdentifier>{a0643e23-de73-4525-bf9e-678de83262a8}</UniqueIdentifier>
    </Filter>
    <Filter Include="Source Files\physics">
      <UniqueIdentifier>{e0960890-8709-4548-b2de-44ae9d6e2bb5}</UniqueIdentifier>
    </Filter>
    <Filter Include="Source Files\system">
      <UniqueIdentifier>{00acf21c-db77-44df-b066-4955cb25bbd8}</UniqueIdentifier>
    </Filter>
    <Filter Include="Source Files\threads">
      <UniqueIdentifier>{321ff1b4-b913-431b-8dc4-2ab316981e99}</UniqueIdentifier>
    </Filter>
    <Filter Include="Source Files\utils">
      <UniqueIdentifier>{d60bc400-b729-43fd-90fe-8afdba12c4a6}</UniqueIdentifier>
    </Filter>
    <Filter Include="Source Files\vr">
      <UniqueIdentifier>{f79a9cbb-417e-41e8-93d2-e2daf2f5f434}</UniqueIdentifier>
    </Filter>
    <Filter Include="Source Files\vulkan">
      <UniqueIdentifier>{837e13fe-6433-4c24-b79c-79fd3b8c8773}</UniqueIdentifier>
    </Filter>
    <Filter Include="Shaders">
      <UniqueIdentifier>{eef3467f-4d2b-4c5b-9256-274c7ce27ad9}</UniqueIdentifier>
    </Filter>
    <Filter Include="Source Files\network">
      <UniqueIdentifier>{269fa318-8911-4d73-958d-6cf560965320}</UniqueIdentifier>
    </Filter>
    <Filter Include="Header Files\network">
      <UniqueIdentifier>{7cb6b49a-d263-44d7-b222-ebbb89970fdc}</UniqueIdentifier>
    </Filter>
    <Filter Include="Source Files\ui">
      <UniqueIdentifier>{2b09132c-3f9a-4ca1-86fa-200c460c5e52}</UniqueIdentifier>
    </Filter>
    <Filter Include="Header Files\ui">
      <UniqueIdentifier>{db0c09b1-843e-4b45-9ea8-12923558615d}</UniqueIdentifier>
    </Filter>
  </ItemGroup>
  <ItemGroup>
    <ClInclude Include="audio\audio.h">
      <Filter>Header Files\audio</Filter>
    </ClInclude>
    <ClInclude Include="camera\camera.h">
      <Filter>Header Files\camera</Filter>
    </ClInclude>
    <ClInclude Include="font\font.h">
      <Filter>Header Files\font</Filter>
    </ClInclude>
    <ClInclude Include="image\image.h">
      <Filter>Header Files\image</Filter>
    </ClInclude>
    <ClInclude Include="math\math.h">
      <Filter>Header Files\math</Filter>
    </ClInclude>
    <ClInclude Include="model\bmodel.h">
      <Filter>Header Files\model</Filter>
    </ClInclude>
    <ClInclude Include="vulkan\vulkan.h">
      <Filter>Header Files\vulkan</Filter>
    </ClInclude>
    <ClInclude Include="vr\vr.h">
      <Filter>Header Files\vr</Filter>
    </ClInclude>
    <ClInclude Include="utils\event.h">
      <Filter>Header Files\utils</Filter>
    </ClInclude>
    <ClInclude Include="utils\genid.h">
      <Filter>Header Files\utils</Filter>
    </ClInclude>
    <ClInclude Include="utils\input.h">
      <Filter>Header Files\utils</Filter>
    </ClInclude>
    <ClInclude Include="utils\list.h">
      <Filter>Header Files\utils</Filter>
    </ClInclude>
    <ClInclude Include="utils\memzone.h">
      <Filter>Header Files\utils</Filter>
    </ClInclude>
    <ClInclude Include="threads\threads.h">
      <Filter>Header Files\threads</Filter>
    </ClInclude>
    <ClInclude Include="system\system.h">
      <Filter>Header Files\system</Filter>
    </ClInclude>
    <ClInclude Include="physics\physics.h">
      <Filter>Header Files\physics</Filter>
    </ClInclude>
    <ClInclude Include="particle\particle.h">
      <Filter>Header Files\particle</Filter>
    </ClInclude>
    <ClInclude Include="perframe.h">
      <Filter>Header Files</Filter>
    </ClInclude>
    <ClInclude Include="network\network.h">
      <Filter>Header Files\network</Filter>
    </ClInclude>
    <ClInclude Include="ui\ui.h">
      <Filter>Header Files\ui</Filter>
    </ClInclude>
  </ItemGroup>
  <ItemGroup>
    <ClCompile Include="audio\audio.c">
      <Filter>Source Files\audio</Filter>
    </ClCompile>
    <ClCompile Include="audio\wave.c">
      <Filter>Source Files\audio</Filter>
    </ClCompile>
    <ClCompile Include="camera\camera.c">
      <Filter>Source Files\camera</Filter>
    </ClCompile>
    <ClCompile Include="font\font.c">
      <Filter>Source Files\font</Filter>
    </ClCompile>
    <ClCompile Include="image\image.c">
      <Filter>Source Files\image</Filter>
    </ClCompile>
    <ClCompile Include="image\qoi.c">
      <Filter>Source Files\image</Filter>
    </ClCompile>
    <ClCompile Include="image\tga.c">
      <Filter>Source Files\image</Filter>
    </ClCompile>
    <ClCompile Include="math\math.c">
      <Filter>Source Files\math</Filter>
    </ClCompile>
    <ClCompile Include="math\matrix.c">
      <Filter>Source Files\math</Filter>
    </ClCompile>
    <ClCompile Include="math\quat.c">
      <Filter>Source Files\math</Filter>
    </ClCompile>
    <ClCompile Include="math\vec2.c">
      <Filter>Source Files\math</Filter>
    </ClCompile>
    <ClCompile Include="math\vec3.c">
      <Filter>Source Files\math</Filter>
    </ClCompile>
    <ClCompile Include="math\vec4.c">
      <Filter>Source Files\math</Filter>
    </ClCompile>
    <ClCompile Include="model\bmodel.c">
      <Filter>Source Files\model</Filter>
    </ClCompile>
    <ClCompile Include="vulkan\vulkan_buffer.c">
      <Filter>Source Files\vulkan</Filter>
    </ClCompile>
    <ClCompile Include="vulkan\vulkan_context.c">
      <Filter>Source Files\vulkan</Filter>
    </ClCompile>
    <ClCompile Include="vulkan\vulkan_descriptorset.c">
      <Filter>Source Files\vulkan</Filter>
    </ClCompile>
    <ClCompile Include="vulkan\vulkan_framebuffer.c">
      <Filter>Source Files\vulkan</Filter>
    </ClCompile>
    <ClCompile Include="vulkan\vulkan_instance.c">
      <Filter>Source Files\vulkan</Filter>
    </ClCompile>
    <ClCompile Include="vulkan\vulkan_mem.c">
      <Filter>Source Files\vulkan</Filter>
    </ClCompile>
    <ClCompile Include="vulkan\vulkan_pipeline.c">
      <Filter>Source Files\vulkan</Filter>
    </ClCompile>
    <ClCompile Include="vulkan\vulkan_renderpass.c">
      <Filter>Source Files\vulkan</Filter>
    </ClCompile>
    <ClCompile Include="vulkan\vulkan_swapchain.c">
      <Filter>Source Files\vulkan</Filter>
    </ClCompile>
    <ClCompile Include="vr\vr.c">
      <Filter>Source Files\vr</Filter>
    </ClCompile>
    <ClCompile Include="utils\event.c">
      <Filter>Source Files\utils</Filter>
    </ClCompile>
    <ClCompile Include="utils\genid.c">
      <Filter>Source Files\utils</Filter>
    </ClCompile>
    <ClCompile Include="utils\input.c">
      <Filter>Source Files\utils</Filter>
    </ClCompile>
    <ClCompile Include="utils\list.c">
      <Filter>Source Files\utils</Filter>
    </ClCompile>
    <ClCompile Include="utils\memzone.c">
      <Filter>Source Files\utils</Filter>
    </ClCompile>
    <ClCompile Include="threads\threads.c">
      <Filter>Source Files\threads</Filter>
    </ClCompile>
    <ClCompile Include="system\win32.c">
      <Filter>Source Files\system</Filter>
    </ClCompile>
    <ClCompile Include="physics\physics.c">
      <Filter>Source Files\physics</Filter>
    </ClCompile>
    <ClCompile Include="particle\particle.c">
      <Filter>Source Files\particle</Filter>
    </ClCompile>
    <ClCompile Include="perframe.c">
      <Filter>Source Files</Filter>
    </ClCompile>
    <ClCompile Include="network\network.c">
      <Filter>Source Files\network</Filter>
    </ClCompile>
    <ClCompile Include="audio\hrir.c">
      <Filter>Source Files\audio</Filter>
    </ClCompile>
    <ClCompile Include="ui\ui.c">
      <Filter>Source Files\ui</Filter>
    </ClCompile>
    <ClCompile Include="ui\bargraph.c">
      <Filter>Source Files\ui</Filter>
    </ClCompile>
    <ClCompile Include="ui\button.c">
      <Filter>Source Files\ui</Filter>
    </ClCompile>
    <ClCompile Include="ui\checkbox.c">
      <Filter>Source Files\ui</Filter>
    </ClCompile>
    <ClCompile Include="ui\sprite.c">
      <Filter>Source Files\ui</Filter>
    </ClCompile>
    <ClCompile Include="ui\cursor.c">
      <Filter>Source Files\ui</Filter>
    </ClCompile>
    <ClCompile Include="engine.c">
      <Filter>Source Files</Filter>
    </ClCompile>
  </ItemGroup>
  <ItemGroup>
    <GLSL Include="shaders\font.frag">
      <Filter>Shaders</Filter>
    </GLSL>
    <GLSL Include="shaders\font.vert">
      <Filter>Shaders</Filter>
    </GLSL>
    <GLSL Include="shaders\ui_sdf.frag">
      <Filter>Shaders</Filter>
    </GLSL>
    <GLSL Include="shaders\ui_sdf.vert">
      <Filter>Shaders</Filter>
    </GLSL>
  </ItemGroup>
</Project>